
Microsoft Visual Studio Solution File, Format Version 12.00
# Visual Studio Version 17
VisualStudioVersion = 17.7.34031.279
MinimumVisualStudioVersion = 10.0.40219.1
Project("{FAE04EC0-301F-11D3-BF4B-00C04F79EFBC}") = "GameCaro", "GameCaro\GameCaro.csproj", "{5E61EB80-48BA-4CE3-BF06-1EA228CFE123}"
EndProject
Global
	GlobalSection(SolutionConfigurationPlatforms) = preSolution
		Debug|Any CPU = Debug|Any CPU
		Release|Any CPU = Release|Any CPU
	EndGlobalSection
	GlobalSection(ProjectConfigurationPlatforms) = postSolution
		{5E61EB80-48BA-4CE3-BF06-1EA228CFE123}.Debug|Any CPU.ActiveCfg = Debug|Any CPU
		{5E61EB80-48BA-4CE3-BF06-1EA228CFE123}.Debug|Any CPU.Build.0 = Debug|Any CPU
		{5E61EB80-48BA-4CE3-BF06-1EA228CFE123}.Release|Any CPU.ActiveCfg = Release|Any CPU
		{5E61EB80-48BA-4CE3-BF06-1EA228CFE123}.Release|Any CPU.Build.0 = Release|Any CPU
	EndGlobalSection
	GlobalSection(SolutionProperties) = preSolution
		HideSolutionNode = FALSE
	EndGlobalSection
	GlobalSection(ExtensibilityGlobals) = postSolution
		SolutionGuid = {30502A82-94DF-4159-913D-18B48C9A5355}
	EndGlobalSection
EndGlobal
